
Microsoft Visual Studio Solution File, Format Version 12.00
# Visual Studio 2013
VisualStudioVersion = 12.0.31101.0
MinimumVisualStudioVersion = 10.0.40219.1
Project("{FAE04EC0-301F-11D3-BF4B-00C04F79EFBC}") = "Geeks", "Geeks\Geeks.csproj", "{76D88906-CFE1-4850-845C-187A0E7CD719}"
EndProject
Global
	GlobalSection(TeamFoundationVersionControl) = preSolution
		SccNumberOfProjects = 2
		SccEnterpriseProvider = {4CA58AB2-18FA-4F8D-95D4-32DDF27D184C}
		SccTeamFoundationServer = https://tfs.codeplex.com/tfs/tfs15
		SccLocalPath0 = .
		SccProjectUniqueName1 = Geeks\\Geeks.csproj
		SccProjectName1 = Geeks
		SccLocalPath1 = Geeks
	EndGlobalSection
	GlobalSection(SolutionConfigurationPlatforms) = preSolution
		Debug|Any CPU = Debug|Any CPU
		Release|Any CPU = Release|Any CPU
	EndGlobalSection
	GlobalSection(ProjectConfigurationPlatforms) = postSolution
		{76D88906-CFE1-4850-845C-187A0E7CD719}.Debug|Any CPU.ActiveCfg = Debug|Any CPU
		{76D88906-CFE1-4850-845C-187A0E7CD719}.Debug|Any CPU.Build.0 = Debug|Any CPU
		{76D88906-CFE1-4850-845C-187A0E7CD719}.Debug|Any CPU.Deploy.0 = Debug|Any CPU
		{76D88906-CFE1-4850-845C-187A0E7CD719}.Release|Any CPU.ActiveCfg = Release|Any CPU
		{76D88906-CFE1-4850-845C-187A0E7CD719}.Release|Any CPU.Build.0 = Release|Any CPU
		{76D88906-CFE1-4850-845C-187A0E7CD719}.Release|Any CPU.Deploy.0 = Release|Any CPU
	EndGlobalSection
	GlobalSection(SolutionProperties) = preSolution
		HideSolutionNode = FALSE
	EndGlobalSection
EndGlobal
